
Microsoft Visual Studio Solution File, Format Version 12.00
# Visual Studio 15
VisualStudioVersion = 15.0.28307.1831
MinimumVisualStudioVersion = 10.0.40219.1
Project("{8BC9CEB8-8B4A-11D0-8D11-00A0C91BC942}") = "01_desktop_duplication_api", "01_desktop_duplication_api\01_desktop_duplication_api.vcxproj", "{AF383824-DCAF-41DF-95A7-85D40FC017EB}"
EndProject
Project("{8BC9CEB8-8B4A-11D0-8D11-00A0C91BC942}") = "02_media_foundation_video_processor", "02_media_foundation_video_processor\02_media_foundation_video_processor.vcxproj", "{C610AECE-AD9E-4C0F-A571-614A2F28DB6C}"
EndProject
Global
	GlobalSection(SolutionConfigurationPlatforms) = preSolution
		Debug|x64 = Debug|x64
		Debug|x86 = Debug|x86
		Release|x64 = Release|x64
		Release|x86 = Release|x86
	EndGlobalSection
	GlobalSection(ProjectConfigurationPlatforms) = postSolution
		{AF383824-DCAF-41DF-95A7-85D40FC017EB}.Debug|x64.ActiveCfg = Debug|x64
		{AF383824-DCAF-41DF-95A7-85D40FC017EB}.Debug|x64.Build.0 = Debug|x64
		{AF383824-DCAF-41DF-95A7-85D40FC017EB}.Debug|x86.ActiveCfg = Debug|Win32
		{AF383824-DCAF-41DF-95A7-85D40FC017EB}.Debug|x86.Build.0 = Debug|Win32
		{AF383824-DCAF-41DF-95A7-85D40FC017EB}.Release|x64.ActiveCfg = Release|x64
		{AF383824-DCAF-41DF-95A7-85D40FC017EB}.Release|x64.Build.0 = Release|x64
		{AF383824-DCAF-41DF-95A7-85D40FC017EB}.Release|x86.ActiveCfg = Release|Win32
		{AF383824-DCAF-41DF-95A7-85D40FC017EB}.Release|x86.Build.0 = Release|Win32
		{C610AECE-AD9E-4C0F-A571-614A2F28DB6C}.Debug|x64.ActiveCfg = Debug|x64
		{C610AECE-AD9E-4C0F-A571-614A2F28DB6C}.Debug|x64.Build.0 = Debug|x64
		{C610AECE-AD9E-4C0F-A571-614A2F28DB6C}.Debug|x86.ActiveCfg = Debug|Win32
		{C610AECE-AD9E-4C0F-A571-614A2F28DB6C}.Debug|x86.Build.0 = Debug|Win32
		{C610AECE-AD9E-4C0F-A571-614A2F28DB6C}.Release|x64.ActiveCfg = Release|x64
		{C610AECE-AD9E-4C0F-A571-614A2F28DB6C}.Release|x64.Build.0 = Release|x64
		{C610AECE-AD9E-4C0F-A571-614A2F28DB6C}.Release|x86.ActiveCfg = Release|Win32
		{C610AECE-AD9E-4C0F-A571-614A2F28DB6C}.Release|x86.Build.0 = Release|Win32
	EndGlobalSection
	GlobalSection(SolutionProperties) = preSolution
		HideSolutionNode = FALSE
	EndGlobalSection
	GlobalSection(ExtensibilityGlobals) = postSolution
		SolutionGuid = {3FFA9FEF-5641-44C8-AADD-500E1D950591}
	EndGlobalSection
EndGlobal
