
Microsoft Visual Studio Solution File, Format Version 12.00
# Visual Studio 15
VisualStudioVersion = 15.0.28307.1831
MinimumVisualStudioVersion = 10.0.40219.1
Project("{8BC9CEB8-8B4A-11D0-8D11-00A0C91BC942}") = "01_desktop_duplication_api", "01_desktop_duplication_api\01_desktop_duplication_api.vcxproj", "{AF383824-DCAF-41DF-95A7-85D40FC017EB}"
EndProject
Project("{8BC9CEB8-8B4A-11D0-8D11-00A0C91BC942}") = "02_media_foundation_video_processor", "02_media_foundation_video_processor\02_media_foundation_video_processor.vcxproj", "{C610AECE-AD9E-4C0F-A571-614A2F28DB6C}"
EndProject
Project("{8BC9CEB8-8B4A-11D0-8D11-00A0C91BC942}") = "04_media_foundation_hw_encoder", "04_media_foundation_hw_encoder\04_media_foundation_hw_encoder.vcxproj", "{AE22AE92-E2C9-4943-A468-8F02C803872B}"
EndProject
Project("{8BC9CEB8-8B4A-11D0-8D11-00A0C91BC942}") = "03_media_foundation_sw_encoder", "03_media_foundation_sw_encoder\03_media_foundation_sw_encoder.vcxproj", "{5EFD3019-FC38-4381-BBB5-BB2D413D60ED}"
EndProject
Project("{8BC9CEB8-8B4A-11D0-8D11-00A0C91BC942}") = "05_media_foundation_sw_decoder", "05_media_foundation_sw_decoder\05_media_foundation_sw_decoder.vcxproj", "{FA1074AC-315B-48A6-997A-63E632DC14C8}"
EndProject
Project("{8BC9CEB8-8B4A-11D0-8D11-00A0C91BC942}") = "06_media_foundation_hw_decoder", "06_media_foundation_hw_decoder\06_media_foundation_hw_decoder.vcxproj", "{DF4C3017-1CBB-45D3-A117-6EE124A8DF96}"
EndProject
Project("{8BC9CEB8-8B4A-11D0-8D11-00A0C91BC942}") = "07_directx_pixel_shader", "07_directx_pixel_shader\07_directx_pixel_shader.vcxproj", "{816106F9-F7A9-4AEE-9FC6-7B72223F95E1}"
EndProject
Project("{8BC9CEB8-8B4A-11D0-8D11-00A0C91BC942}") = "08_windows_service", "08_windows_service\08_windows_service.vcxproj", "{56405DBB-77F5-4578-9E04-56848B6A78C0}"
EndProject
Global
	GlobalSection(SolutionConfigurationPlatforms) = preSolution
		Debug|x64 = Debug|x64
		Debug|x86 = Debug|x86
		Release|x64 = Release|x64
		Release|x86 = Release|x86
	EndGlobalSection
	GlobalSection(ProjectConfigurationPlatforms) = postSolution
		{AF383824-DCAF-41DF-95A7-85D40FC017EB}.Debug|x64.ActiveCfg = Debug|x64
		{AF383824-DCAF-41DF-95A7-85D40FC017EB}.Debug|x64.Build.0 = Debug|x64
		{AF383824-DCAF-41DF-95A7-85D40FC017EB}.Debug|x86.ActiveCfg = Debug|Win32
		{AF383824-DCAF-41DF-95A7-85D40FC017EB}.Debug|x86.Build.0 = Debug|Win32
		{AF383824-DCAF-41DF-95A7-85D40FC017EB}.Release|x64.ActiveCfg = Release|x64
		{AF383824-DCAF-41DF-95A7-85D40FC017EB}.Release|x64.Build.0 = Release|x64
		{AF383824-DCAF-41DF-95A7-85D40FC017EB}.Release|x86.ActiveCfg = Release|Win32
		{AF383824-DCAF-41DF-95A7-85D40FC017EB}.Release|x86.Build.0 = Release|Win32
		{C610AECE-AD9E-4C0F-A571-614A2F28DB6C}.Debug|x64.ActiveCfg = Debug|x64
		{C610AECE-AD9E-4C0F-A571-614A2F28DB6C}.Debug|x64.Build.0 = Debug|x64
		{C610AECE-AD9E-4C0F-A571-614A2F28DB6C}.Debug|x86.ActiveCfg = Debug|Win32
		{C610AECE-AD9E-4C0F-A571-614A2F28DB6C}.Debug|x86.Build.0 = Debug|Win32
		{C610AECE-AD9E-4C0F-A571-614A2F28DB6C}.Release|x64.ActiveCfg = Release|x64
		{C610AECE-AD9E-4C0F-A571-614A2F28DB6C}.Release|x64.Build.0 = Release|x64
		{C610AECE-AD9E-4C0F-A571-614A2F28DB6C}.Release|x86.ActiveCfg = Release|Win32
		{C610AECE-AD9E-4C0F-A571-614A2F28DB6C}.Release|x86.Build.0 = Release|Win32
		{AE22AE92-E2C9-4943-A468-8F02C803872B}.Debug|x64.ActiveCfg = Debug|x64
		{AE22AE92-E2C9-4943-A468-8F02C803872B}.Debug|x64.Build.0 = Debug|x64
		{AE22AE92-E2C9-4943-A468-8F02C803872B}.Debug|x86.ActiveCfg = Debug|Win32
		{AE22AE92-E2C9-4943-A468-8F02C803872B}.Debug|x86.Build.0 = Debug|Win32
		{AE22AE92-E2C9-4943-A468-8F02C803872B}.Release|x64.ActiveCfg = Release|x64
		{AE22AE92-E2C9-4943-A468-8F02C803872B}.Release|x64.Build.0 = Release|x64
		{AE22AE92-E2C9-4943-A468-8F02C803872B}.Release|x86.ActiveCfg = Release|Win32
		{AE22AE92-E2C9-4943-A468-8F02C803872B}.Release|x86.Build.0 = Release|Win32
		{5EFD3019-FC38-4381-BBB5-BB2D413D60ED}.Debug|x64.ActiveCfg = Debug|x64
		{5EFD3019-FC38-4381-BBB5-BB2D413D60ED}.Debug|x64.Build.0 = Debug|x64
		{5EFD3019-FC38-4381-BBB5-BB2D413D60ED}.Debug|x86.ActiveCfg = Debug|Win32
		{5EFD3019-FC38-4381-BBB5-BB2D413D60ED}.Debug|x86.Build.0 = Debug|Win32
		{5EFD3019-FC38-4381-BBB5-BB2D413D60ED}.Release|x64.ActiveCfg = Release|x64
		{5EFD3019-FC38-4381-BBB5-BB2D413D60ED}.Release|x64.Build.0 = Release|x64
		{5EFD3019-FC38-4381-BBB5-BB2D413D60ED}.Release|x86.ActiveCfg = Release|Win32
		{5EFD3019-FC38-4381-BBB5-BB2D413D60ED}.Release|x86.Build.0 = Release|Win32
		{FA1074AC-315B-48A6-997A-63E632DC14C8}.Debug|x64.ActiveCfg = Debug|x64
		{FA1074AC-315B-48A6-997A-63E632DC14C8}.Debug|x64.Build.0 = Debug|x64
		{FA1074AC-315B-48A6-997A-63E632DC14C8}.Debug|x86.ActiveCfg = Debug|Win32
		{FA1074AC-315B-48A6-997A-63E632DC14C8}.Debug|x86.Build.0 = Debug|Win32
		{FA1074AC-315B-48A6-997A-63E632DC14C8}.Release|x64.ActiveCfg = Release|x64
		{FA1074AC-315B-48A6-997A-63E632DC14C8}.Release|x64.Build.0 = Release|x64
		{FA1074AC-315B-48A6-997A-63E632DC14C8}.Release|x86.ActiveCfg = Release|Win32
		{FA1074AC-315B-48A6-997A-63E632DC14C8}.Release|x86.Build.0 = Release|Win32
		{DF4C3017-1CBB-45D3-A117-6EE124A8DF96}.Debug|x64.ActiveCfg = Debug|x64
		{DF4C3017-1CBB-45D3-A117-6EE124A8DF96}.Debug|x64.Build.0 = Debug|x64
		{DF4C3017-1CBB-45D3-A117-6EE124A8DF96}.Debug|x86.ActiveCfg = Debug|Win32
		{DF4C3017-1CBB-45D3-A117-6EE124A8DF96}.Debug|x86.Build.0 = Debug|Win32
		{DF4C3017-1CBB-45D3-A117-6EE124A8DF96}.Release|x64.ActiveCfg = Release|x64
		{DF4C3017-1CBB-45D3-A117-6EE124A8DF96}.Release|x64.Build.0 = Release|x64
		{DF4C3017-1CBB-45D3-A117-6EE124A8DF96}.Release|x86.ActiveCfg = Release|Win32
		{DF4C3017-1CBB-45D3-A117-6EE124A8DF96}.Release|x86.Build.0 = Release|Win32
		{816106F9-F7A9-4AEE-9FC6-7B72223F95E1}.Debug|x64.ActiveCfg = Debug|x64
		{816106F9-F7A9-4AEE-9FC6-7B72223F95E1}.Debug|x64.Build.0 = Debug|x64
		{816106F9-F7A9-4AEE-9FC6-7B72223F95E1}.Debug|x86.ActiveCfg = Debug|Win32
		{816106F9-F7A9-4AEE-9FC6-7B72223F95E1}.Debug|x86.Build.0 = Debug|Win32
		{816106F9-F7A9-4AEE-9FC6-7B72223F95E1}.Release|x64.ActiveCfg = Release|x64
		{816106F9-F7A9-4AEE-9FC6-7B72223F95E1}.Release|x64.Build.0 = Release|x64
		{816106F9-F7A9-4AEE-9FC6-7B72223F95E1}.Release|x86.ActiveCfg = Release|Win32
		{816106F9-F7A9-4AEE-9FC6-7B72223F95E1}.Release|x86.Build.0 = Release|Win32
		{56405DBB-77F5-4578-9E04-56848B6A78C0}.Debug|x64.ActiveCfg = Debug|x64
		{56405DBB-77F5-4578-9E04-56848B6A78C0}.Debug|x64.Build.0 = Debug|x64
		{56405DBB-77F5-4578-9E04-56848B6A78C0}.Debug|x86.ActiveCfg = Debug|Win32
		{56405DBB-77F5-4578-9E04-56848B6A78C0}.Debug|x86.Build.0 = Debug|Win32
		{56405DBB-77F5-4578-9E04-56848B6A78C0}.Release|x64.ActiveCfg = Release|x64
		{56405DBB-77F5-4578-9E04-56848B6A78C0}.Release|x64.Build.0 = Release|x64
		{56405DBB-77F5-4578-9E04-56848B6A78C0}.Release|x86.ActiveCfg = Release|Win32
		{56405DBB-77F5-4578-9E04-56848B6A78C0}.Release|x86.Build.0 = Release|Win32
	EndGlobalSection
	GlobalSection(SolutionProperties) = preSolution
		HideSolutionNode = FALSE
	EndGlobalSection
	GlobalSection(ExtensibilityGlobals) = postSolution
		SolutionGuid = {3FFA9FEF-5641-44C8-AADD-500E1D950591}
	EndGlobalSection
EndGlobal
